{
  "version": 4,
  "terraform_version": "1.11.2",
  "serial": 6,
  "lineage": "032b560a-5a97-813c-4f33-1548b5168455",
  "outputs": {
    "public_ip": {
      "value": "65.0.110.86",
      "type": "string"
    },
    "ssh_command": {
      "value": "ssh -i ~/.ssh/rakesh-ec2-key ubuntu@65.0.110.86",
      "type": "string"
    }
  },
  "resources": [
    {
      "mode": "managed",
      "type": "aws_instance",
      "name": "devops_instance",
      "provider": "provider[\"registry.terraform.io/hashicorp/aws\"]",
      "instances": [
        {
          "schema_version": 2,
          "attributes": {
            "ami": "ami-0f5ee92e2d63afc18",
            "arn": "arn:aws:ec2:ap-south-1:699475913043:instance/i-0f00aec6383602b5a",
            "associate_public_ip_address": true,
            "availability_zone": "ap-south-1b",
            "capacity_reservation_specification": [
              {
                "capacity_reservation_preference": "open",
                "capacity_reservation_target": []
              }
            ],
            "cpu_options": [
              {
                "amd_sev_snp": "",
                "core_count": 1,
                "threads_per_core": 1
              }
            ],
            "credit_specification": [
              {
                "cpu_credits": "standard"
              }
            ],
            "disable_api_stop": false,
            "disable_api_termination": false,
            "ebs_block_device": [],
            "ebs_optimized": false,
            "enable_primary_ipv6": null,
            "enclave_options": [
              {
                "enabled": false
              }
            ],
            "ephemeral_block_device": [],
            "get_password_data": false,
            "hibernation": false,
            "host_id": "",
            "host_resource_group_arn": null,
            "iam_instance_profile": "",
            "id": "i-0f00aec6383602b5a",
            "instance_initiated_shutdown_behavior": "stop",
            "instance_lifecycle": "",
            "instance_market_options": [],
            "instance_state": "running",
            "instance_type": "t2.micro",
            "ipv6_address_count": 0,
            "ipv6_addresses": [],
            "key_name": "rakesh-ec2-key",
            "launch_template": [],
            "maintenance_options": [
              {
                "auto_recovery": "default"
              }
            ],
            "metadata_options": [
              {
                "http_endpoint": "enabled",
                "http_protocol_ipv6": "disabled",
                "http_put_response_hop_limit": 1,
                "http_tokens": "optional",
                "instance_metadata_tags": "disabled"
              }
            ],
            "monitoring": false,
            "network_interface": [],
            "outpost_arn": "",
            "password_data": "",
            "placement_group": "",
            "placement_partition_number": 0,
            "primary_network_interface_id": "eni-0d809c57919ba68e8",
            "private_dns": "ip-172-31-10-92.ap-south-1.compute.internal",
            "private_dns_name_options": [
              {
                "enable_resource_name_dns_a_record": false,
                "enable_resource_name_dns_aaaa_record": false,
                "hostname_type": "ip-name"
              }
            ],
            "private_ip": "172.31.10.92",
            "public_dns": "ec2-65-0-110-86.ap-south-1.compute.amazonaws.com",
            "public_ip": "65.0.110.86",
            "region": "ap-south-1",
            "root_block_device": [
              {
                "delete_on_termination": true,
                "device_name": "/dev/sda1",
                "encrypted": false,
                "iops": 100,
                "kms_key_id": "",
                "tags": {},
                "tags_all": {},
                "throughput": 0,
                "volume_id": "vol-0198106a7b930de55",
                "volume_size": 8,
                "volume_type": "gp2"
              }
            ],
            "secondary_private_ips": [],
            "security_groups": [
              "devops-sg"
            ],
            "source_dest_check": true,
            "spot_instance_request_id": "",
            "subnet_id": "subnet-026561b3324995a28",
            "tags": {
              "Name": "DevOps-Instance"
            },
            "tags_all": {
              "Name": "DevOps-Instance"
            },
            "tenancy": "default",
            "timeouts": null,
            "user_data": "#!/bin/bash\napt-get update -y\napt-get install docker.io -y\nsystemctl enable docker\nsystemctl start docker\napt-get install git -y\n",
            "user_data_base64": null,
            "user_data_replace_on_change": false,
            "volume_tags": null,
            "vpc_security_group_ids": [
              "sg-0e13a9640bba1ac00"
            ]
          },
          "sensitive_attributes": [],
          "private": "eyJlMmJmYjczMC1lY2FhLTExZTYtOGY4OC0zNDM2M2JjN2M0YzAiOnsiY3JlYXRlIjo2MDAwMDAwMDAwMDAsImRlbGV0ZSI6MTIwMDAwMDAwMDAwMCwicmVhZCI6OTAwMDAwMDAwMDAwLCJ1cGRhdGUiOjYwMDAwMDAwMDAwMH0sInNjaGVtYV92ZXJzaW9uIjoiMiJ9",
          "dependencies": [
            "aws_key_pair.rakesh_key",
            "aws_security_group.devops_sg"
          ]
        }
      ]
    },
    {
      "mode": "managed",
      "type": "aws_key_pair",
      "name": "rakesh_key",
      "provider": "provider[\"registry.terraform.io/hashicorp/aws\"]",
      "instances": [
        {
          "schema_version": 1,
          "attributes": {
            "arn": "arn:aws:ec2:ap-south-1:699475913043:key-pair/rakesh-ec2-key",
            "fingerprint": "2c:2b:e3:24:b6:7b:26:20:6b:da:fb:8c:70:53:af:d4",
            "id": "rakesh-ec2-key",
            "key_name": "rakesh-ec2-key",
            "key_name_prefix": "",
            "key_pair_id": "key-09d63bcc68e1fddc9",
            "key_type": "rsa",
            "public_key": "ssh-rsa AAAAB3NzaC1yc2EAAAADAQABAAACAQCL8QSsrYaxSaZDSS4qjm7xBs/qEMBLyK+yGAnkqJwiWuTgll7SreRstH2aSXMa20wOsbfg2ZEcLjg0M8TUqhS7UQR6FWsR+K0XcxGBm2EHzt1nuU6vJ99Gs5ws7W8gYYXNzlyFq0+IIy/Y4ZtlgCY+O+4VpgCVKr+u8IJP9COmCSe1lOXd3w0lXG7Us7cvmXz8/pmXcF9HNhko8iF6zzspWxV3DkuI8ja//SD4xYpHO43wN8V7Nr00r+pA58anvzqEw5jfA2KheoeSGY+9A2CyAa8hgYhGC9lB4bp/ekmLJGTLBNNfLBQnvLVmwXOv5gYQj3d9TLKsS7xgfvIBSLBSakWE5Q2yRjwlBZOn3UsxVTMfpQDq5Bka7hIn7pe8pRwwG9EzMmdponGmdNWnXBJsG5OUNHBV0apDX3R7yS8evkstoY6EaDbyQmhHaZ+ZYXkDvyoVbpGFwgEhyfcFIPi3IS2u/dJCsyWlMU5pAIbUT8H3HubwKbbokpzTuIJMx1Qd4d0HhBmhFxD4zJ4UJExG5/MaZGESnLxHF6eSl9rlDHvEEUBdW4w7s6ZPbIciye3iSGLUFSwpWU9if82oDP8er/uS8Nhn8TkWP58kd0rAdGk9HjALAc4+TLBYnOmhU3BL72GLa3qUILkniBfvFEF7IUD4wD4cUlJZaFPqeeAXIQ== rakesh@DESKTOP-S0NCPF2",
            "region": "ap-south-1",
            "tags": {},
            "tags_all": {}
          },
          "sensitive_attributes": [],
          "private": "eyJzY2hlbWFfdmVyc2lvbiI6IjEifQ=="
        }
      ]
    },
    {
      "mode": "managed",
      "type": "aws_security_group",
      "name": "devops_sg",
      "provider": "provider[\"registry.terraform.io/hashicorp/aws\"]",
      "instances": [
        {
          "schema_version": 1,
          "attributes": {
            "arn": "arn:aws:ec2:ap-south-1:699475913043:security-group/sg-0e13a9640bba1ac00",
            "description": "Allow SSH and app ports",
            "egress": [
              {
                "cidr_blocks": [
                  "0.0.0.0/0"
                ],
                "description": "",
                "from_port": 0,
                "ipv6_cidr_blocks": [],
                "prefix_list_ids": [],
                "protocol": "-1",
                "security_groups": [],
                "self": false,
                "to_port": 0
              }
            ],
            "id": "sg-0e13a9640bba1ac00",
            "ingress": [
              {
                "cidr_blocks": [
                  "0.0.0.0/0"
                ],
                "description": "App Ports",
                "from_port": 3000,
                "ipv6_cidr_blocks": [],
                "prefix_list_ids": [],
                "protocol": "tcp",
                "security_groups": [],
                "self": false,
                "to_port": 4000
              },
              {
                "cidr_blocks": [
                  "0.0.0.0/0"
                ],
                "description": "SSH",
                "from_port": 22,
                "ipv6_cidr_blocks": [],
                "prefix_list_ids": [],
                "protocol": "tcp",
                "security_groups": [],
                "self": false,
                "to_port": 22
              }
            ],
            "name": "devops-sg",
            "name_prefix": "",
            "owner_id": "699475913043",
            "region": "ap-south-1",
            "revoke_rules_on_delete": false,
            "tags": {},
            "tags_all": {},
            "timeouts": null,
            "vpc_id": "vpc-0c3cc934f8c32b63a"
          },
          "sensitive_attributes": [],
          "private": "eyJlMmJmYjczMC1lY2FhLTExZTYtOGY4OC0zNDM2M2JjN2M0YzAiOnsiY3JlYXRlIjo2MDAwMDAwMDAwMDAsImRlbGV0ZSI6OTAwMDAwMDAwMDAwfSwic2NoZW1hX3ZlcnNpb24iOiIxIn0="
        }
      ]
    }
  ],
  "check_results": null
}
